
Microsoft Visual Studio Solution File, Format Version 12.00
# Visual Studio Version 16
VisualStudioVersion = 16.0.30709.132
MinimumVisualStudioVersion = 10.0.40219.1
Project("{FAE04EC0-301F-11D3-BF4B-00C04F79EFBC}") = "pi201.a211023", "pi201.a211023\pi201.a211023.csproj", "{15DD0F64-DFF9-4A7D-8805-9BD38C766BCA}"
EndProject
Project("{FAE04EC0-301F-11D3-BF4B-00C04F79EFBC}") = "pi201Console", "pi201Console\pi201Console.csproj", "{942953B5-B2B4-4FB9-B4AB-F5A6A3AFEC3D}"
EndProject
Project("{FAE04EC0-301F-11D3-BF4B-00C04F79EFBC}") = "pi201Forms", "pi201Forms\pi201Forms.csproj", "{8E9CD8C2-F5E4-4C09-A81B-9E0789659A71}"
EndProject
Global
	GlobalSection(SolutionConfigurationPlatforms) = preSolution
		Debug|Any CPU = Debug|Any CPU
		Release|Any CPU = Release|Any CPU
	EndGlobalSection
	GlobalSection(ProjectConfigurationPlatforms) = postSolution
		{15DD0F64-DFF9-4A7D-8805-9BD38C766BCA}.Debug|Any CPU.ActiveCfg = Debug|Any CPU
		{15DD0F64-DFF9-4A7D-8805-9BD38C766BCA}.Debug|Any CPU.Build.0 = Debug|Any CPU
		{15DD0F64-DFF9-4A7D-8805-9BD38C766BCA}.Release|Any CPU.ActiveCfg = Release|Any CPU
		{15DD0F64-DFF9-4A7D-8805-9BD38C766BCA}.Release|Any CPU.Build.0 = Release|Any CPU
		{942953B5-B2B4-4FB9-B4AB-F5A6A3AFEC3D}.Debug|Any CPU.ActiveCfg = Debug|Any CPU
		{942953B5-B2B4-4FB9-B4AB-F5A6A3AFEC3D}.Debug|Any CPU.Build.0 = Debug|Any CPU
		{942953B5-B2B4-4FB9-B4AB-F5A6A3AFEC3D}.Release|Any CPU.ActiveCfg = Release|Any CPU
		{942953B5-B2B4-4FB9-B4AB-F5A6A3AFEC3D}.Release|Any CPU.Build.0 = Release|Any CPU
		{8E9CD8C2-F5E4-4C09-A81B-9E0789659A71}.Debug|Any CPU.ActiveCfg = Debug|Any CPU
		{8E9CD8C2-F5E4-4C09-A81B-9E0789659A71}.Debug|Any CPU.Build.0 = Debug|Any CPU
		{8E9CD8C2-F5E4-4C09-A81B-9E0789659A71}.Release|Any CPU.ActiveCfg = Release|Any CPU
		{8E9CD8C2-F5E4-4C09-A81B-9E0789659A71}.Release|Any CPU.Build.0 = Release|Any CPU
	EndGlobalSection
	GlobalSection(SolutionProperties) = preSolution
		HideSolutionNode = FALSE
	EndGlobalSection
	GlobalSection(ExtensibilityGlobals) = postSolution
		SolutionGuid = {DEBEAEF8-2416-46C2-8F13-9C014E10BCA4}
	EndGlobalSection
EndGlobal
